
Microsoft Visual Studio Solution File, Format Version 12.00
# Visual Studio Version 16
VisualStudioVersion = 16.0.30204.135
MinimumVisualStudioVersion = 10.0.40219.1
Project("{FAE04EC0-301F-11D3-BF4B-00C04F79EFBC}") = "MethodExercise", "MethodExercise\MethodExercise.csproj", "{21D3FAD3-5AD4-43E1-94C4-D502CE8D9C45}"
EndProject
Global
	GlobalSection(SolutionConfigurationPlatforms) = preSolution
		Debug|Any CPU = Debug|Any CPU
		Release|Any CPU = Release|Any CPU
	EndGlobalSection
	GlobalSection(ProjectConfigurationPlatforms) = postSolution
		{21D3FAD3-5AD4-43E1-94C4-D502CE8D9C45}.Debug|Any CPU.ActiveCfg = Debug|Any CPU
		{21D3FAD3-5AD4-43E1-94C4-D502CE8D9C45}.Debug|Any CPU.Build.0 = Debug|Any CPU
		{21D3FAD3-5AD4-43E1-94C4-D502CE8D9C45}.Release|Any CPU.ActiveCfg = Release|Any CPU
		{21D3FAD3-5AD4-43E1-94C4-D502CE8D9C45}.Release|Any CPU.Build.0 = Release|Any CPU
	EndGlobalSection
	GlobalSection(SolutionProperties) = preSolution
		HideSolutionNode = FALSE
	EndGlobalSection
	GlobalSection(ExtensibilityGlobals) = postSolution
		SolutionGuid = {BE9848BA-B1DD-4B81-B69C-D7972269AB6D}
	EndGlobalSection
EndGlobal
